lockVersion: 2.0.0
id: 891d898b-5da4-4813-8dd3-fceb5b9832fe
management:
  docChecksum: a481bbe28d4f7cffb4b3fdea8e3ca32a
  docVersion: 1.0.0
  speakeasyVersion: 1.520.1
  generationVersion: 2.556.1
  releaseVersion: 1.6.0
  configChecksum: a1898c3385f21be96b28f73dd5fbba15
  repoURL: https://github.com/ragieai/ragie-python.git
  installationURL: https://github.com/ragieai/ragie-python.git
  published: true
features:
  python:
    additionalDependencies: 1.0.0
    constsAndDefaults: 1.0.5
    core: 5.12.4
    defaultEnabledRetries: 0.2.0
    devContainers: 3.0.0
    downloadStreams: 1.0.1
    enumUnions: 0.1.0
    envVarSecurityUsage: 0.3.2
    flattening: 3.1.1
    globalSecurity: 3.0.3
    globalSecurityCallbacks: 1.0.0
    globalSecurityFlattening: 1.0.0
    globalServerURLs: 3.1.0
    methodArguments: 1.0.2
    multipartFileContentType: 1.0.0
    nameOverrides: 3.0.1
    nullables: 1.0.1
    pagination: 3.0.4
    responseFormat: 1.0.1
    retries: 3.0.2
    sdkHooks: 1.0.1
    unions: 3.0.4
    uploadStreams: 1.0.0
generatedFiles:
  - .devcontainer/README.md
  - .devcontainer/devcontainer.json
  - .devcontainer/setup.sh
  - .gitattributes
  - .python-version
  - .vscode/settings.json
  - USAGE.md
  - docs/models/connection.md
  - docs/models/connectionbase.md
  - docs/models/connectionbasemetadata.md
  - docs/models/connectionlimitparams.md
  - docs/models/connectionlist.md
  - docs/models/connectionmetadata.md
  - docs/models/connectionstats.md
  - docs/models/connectorsource.md
  - docs/models/createdocumentfromurlparams.md
  - docs/models/createdocumentfromurlparamsmetadata.md
  - docs/models/createdocumentfromurlparamsmode.md
  - docs/models/createdocumentparams.md
  - docs/models/createdocumentparamsmode.md
  - docs/models/createdocumentrawparams.md
  - docs/models/createdocumentrawparamsmetadata.md
  - docs/models/createinstructionparams.md
  - docs/models/createinstructionparamsfilter.md
  - docs/models/createinstructionparamsscope.md
  - docs/models/createpartitionparams.md
  - docs/models/data.md
  - docs/models/data2.md
  - docs/models/deleteconnectionconnectionsconnectioniddeletepostrequest.md
  - docs/models/deleteconnectionpayload.md
  - docs/models/deletedocumentrequest.md
  - docs/models/deletepartitionpartitionspartitioniddeleterequest.md
  - docs/models/disabledbysystemreason.md
  - docs/models/document.md
  - docs/models/documentchunk.md
  - docs/models/documentchunklist.md
  - docs/models/documentdelete.md
  - docs/models/documentfileupdate.md
  - docs/models/documentget.md
  - docs/models/documentgetmetadata.md
  - docs/models/documentlist.md
  - docs/models/documentmetadata.md
  - docs/models/documentmetadataupdate.md
  - docs/models/documentmetadataupdatemetadata.md
  - docs/models/documentrawupdate.md
  - docs/models/documentsummary.md
  - docs/models/documenturlupdate.md
  - docs/models/documentwithcontent.md
  - docs/models/documentwithcontentmetadata.md
  - docs/models/entity.md
  - docs/models/entitylist.md
  - docs/models/errormessage.md
  - docs/models/file.md
  - docs/models/filter_.md
  - docs/models/getconnectionconnectionsconnectionidgetrequest.md
  - docs/models/getconnectionstatsconnectionsconnectionidstatsgetrequest.md
  - docs/models/getdocumentchunkrequest.md
  - docs/models/getdocumentchunksrequest.md
  - docs/models/getdocumentcontentrequest.md
  - docs/models/getdocumentrequest.md
  - docs/models/getdocumentsourcerequest.md
  - docs/models/getdocumentsummaryrequest.md
  - docs/models/getpartitionpartitionspartitionidgetrequest.md
  - docs/models/httpvalidationerror.md
  - docs/models/instruction.md
  - docs/models/listconnectionsconnectionsgetrequest.md
  - docs/models/listconnectionsconnectionsgetresponse.md
  - docs/models/listdocumentsrequest.md
  - docs/models/listdocumentsresponse.md
  - docs/models/listentitiesbydocumentrequest.md
  - docs/models/listentitiesbydocumentresponse.md
  - docs/models/listentitiesbyinstructionrequest.md
  - docs/models/listentitiesbyinstructionresponse.md
  - docs/models/listpartitionspartitionsgetrequest.md
  - docs/models/listpartitionspartitionsgetresponse.md
  - docs/models/loc.md
  - docs/models/metadata.md
  - docs/models/mode.md
  - docs/models/oauthurlcreate.md
  - docs/models/oauthurlcreatemetadata.md
  - docs/models/oauthurlresponse.md
  - docs/models/pagination.md
  - docs/models/partition.md
  - docs/models/partitiondetail.md
  - docs/models/partitionlimitparams.md
  - docs/models/partitionlimits.md
  - docs/models/partitionlist.md
  - docs/models/partitionstats.md
  - docs/models/partitionstrategy.md
  - docs/models/patchdocumentmetadataparams.md
  - docs/models/patchdocumentmetadatarequest.md
  - docs/models/reason.md
  - docs/models/responseok.md
  - docs/models/retrieval.md
  - docs/models/retrieveparams.md
  - docs/models/scope.md
  - docs/models/scoredchunk.md
  - docs/models/security.md
  - docs/models/setconnectionenabledconnectionsconnectionidenabledputrequest.md
  - docs/models/setconnectionenabledpayload.md
  - docs/models/setconnectionlimitsconnectionsconnectionidlimitputrequest.md
  - docs/models/setpartitionlimitspartitionspartitionidlimitsputrequest.md
  - docs/models/source.md
  - docs/models/syncconnectionrequest.md
  - docs/models/theme.md
  - docs/models/two.md
  - docs/models/updateconnectionconnectionsconnectionidputrequest.md
  - docs/models/updatedocumentfileparams.md
  - docs/models/updatedocumentfileparamsfile.md
  - docs/models/updatedocumentfileparamsmode.md
  - docs/models/updatedocumentfilerequest.md
  - docs/models/updatedocumentfromurlparams.md
  - docs/models/updatedocumentfromurlparamsmode.md
  - docs/models/updatedocumentfromurlrequest.md
  - docs/models/updatedocumentrawparams.md
  - docs/models/updatedocumentrawparamsdata.md
  - docs/models/updatedocumentrawrequest.md
  - docs/models/updateinstructionparams.md
  - docs/models/updateinstructionrequest.md
  - docs/models/utils/retryconfig.md
  - docs/models/validationerror.md
  - docs/sdks/connections/README.md
  - docs/sdks/documents/README.md
  - docs/sdks/entities/README.md
  - docs/sdks/partitions/README.md
  - docs/sdks/ragie/README.md
  - docs/sdks/retrievals/README.md
  - poetry.toml
  - py.typed
  - pylintrc
  - pyproject.toml
  - scripts/prepare_readme.py
  - scripts/publish.sh
  - src/ragie/__init__.py
  - src/ragie/_hooks/__init__.py
  - src/ragie/_hooks/sdkhooks.py
  - src/ragie/_hooks/types.py
  - src/ragie/_version.py
  - src/ragie/basesdk.py
  - src/ragie/connections.py
  - src/ragie/documents.py
  - src/ragie/entities.py
  - src/ragie/httpclient.py
  - src/ragie/models/__init__.py
  - src/ragie/models/connection.py
  - src/ragie/models/connectionbase.py
  - src/ragie/models/connectionlimitparams.py
  - src/ragie/models/connectionlist.py
  - src/ragie/models/connectionstats.py
  - src/ragie/models/connectorsource.py
  - src/ragie/models/createdocumentfromurlparams.py
  - src/ragie/models/createdocumentparams.py
  - src/ragie/models/createdocumentrawparams.py
  - src/ragie/models/createinstructionparams.py
  - src/ragie/models/createpartitionparams.py
  - src/ragie/models/delete_connection_connections_connection_id_delete_postop.py
  - src/ragie/models/delete_partition_partitions_partition_id_deleteop.py
  - src/ragie/models/deleteconnectionpayload.py
  - src/ragie/models/deletedocumentop.py
  - src/ragie/models/document.py
  - src/ragie/models/documentchunk.py
  - src/ragie/models/documentchunklist.py
  - src/ragie/models/documentdelete.py
  - src/ragie/models/documentfileupdate.py
  - src/ragie/models/documentget.py
  - src/ragie/models/documentlist.py
  - src/ragie/models/documentmetadataupdate.py
  - src/ragie/models/documentrawupdate.py
  - src/ragie/models/documentsummary.py
  - src/ragie/models/documenturlupdate.py
  - src/ragie/models/documentwithcontent.py
  - src/ragie/models/entity.py
  - src/ragie/models/entitylist.py
  - src/ragie/models/errormessage.py
  - src/ragie/models/get_connection_connections_connection_id_getop.py
  - src/ragie/models/get_connection_stats_connections_connection_id_stats_getop.py
  - src/ragie/models/get_partition_partitions_partition_id_getop.py
  - src/ragie/models/getdocumentchunkop.py
  - src/ragie/models/getdocumentchunksop.py
  - src/ragie/models/getdocumentcontentop.py
  - src/ragie/models/getdocumentop.py
  - src/ragie/models/getdocumentsourceop.py
  - src/ragie/models/getdocumentsummaryop.py
  - src/ragie/models/httpvalidationerror.py
  - src/ragie/models/instruction.py
  - src/ragie/models/list_connections_connections_getop.py
  - src/ragie/models/list_partitions_partitions_getop.py
  - src/ragie/models/listdocumentsop.py
  - src/ragie/models/listentitiesbydocumentop.py
  - src/ragie/models/listentitiesbyinstructionop.py
  - src/ragie/models/oauthurlcreate.py
  - src/ragie/models/oauthurlresponse.py
  - src/ragie/models/pagination.py
  - src/ragie/models/partition.py
  - src/ragie/models/partitiondetail.py
  - src/ragie/models/partitionlimitparams.py
  - src/ragie/models/partitionlimits.py
  - src/ragie/models/partitionlist.py
  - src/ragie/models/partitionstats.py
  - src/ragie/models/patchdocumentmetadataop.py
  - src/ragie/models/patchdocumentmetadataparams.py
  - src/ragie/models/responseok.py
  - src/ragie/models/retrieval.py
  - src/ragie/models/retrieveparams.py
  - src/ragie/models/scoredchunk.py
  - src/ragie/models/sdkerror.py
  - src/ragie/models/security.py
  - src/ragie/models/set_connection_enabled_connections_connection_id_enabled_putop.py
  - src/ragie/models/set_connection_limits_connections_connection_id_limit_putop.py
  - src/ragie/models/set_partition_limits_partitions_partition_id_limits_putop.py
  - src/ragie/models/setconnectionenabledpayload.py
  - src/ragie/models/syncconnectionop.py
  - src/ragie/models/update_connection_connections_connection_id_putop.py
  - src/ragie/models/updatedocumentfileop.py
  - src/ragie/models/updatedocumentfileparams.py
  - src/ragie/models/updatedocumentfromurlop.py
  - src/ragie/models/updatedocumentfromurlparams.py
  - src/ragie/models/updatedocumentrawop.py
  - src/ragie/models/updatedocumentrawparams.py
  - src/ragie/models/updateinstructionop.py
  - src/ragie/models/updateinstructionparams.py
  - src/ragie/models/validationerror.py
  - src/ragie/partitions.py
  - src/ragie/py.typed
  - src/ragie/retrievals.py
  - src/ragie/sdk.py
  - src/ragie/sdkconfiguration.py
  - src/ragie/types/__init__.py
  - src/ragie/types/basemodel.py
  - src/ragie/utils/__init__.py
  - src/ragie/utils/annotations.py
  - src/ragie/utils/enums.py
  - src/ragie/utils/eventstreaming.py
  - src/ragie/utils/forms.py
  - src/ragie/utils/headers.py
  - src/ragie/utils/logger.py
  - src/ragie/utils/metadata.py
  - src/ragie/utils/queryparams.py
  - src/ragie/utils/requestbodies.py
  - src/ragie/utils/retries.py
  - src/ragie/utils/security.py
  - src/ragie/utils/serializers.py
  - src/ragie/utils/url.py
  - src/ragie/utils/values.py
examples:
  CreateDocument:
    speakeasy-default-create-document:
      requestBody:
        multipart/form-data: {"mode": "fast", "file": {}}
      responses:
        "201":
          application/json: {"id": "7a621cf0-21cd-49cf-8540-3315211a509a", "created_at": "2023-01-18T01:06:03.366Z", "updated_at": "2024-07-27T18:44:31.482Z", "status": "<value>", "name": "<value>", "metadata": {}, "partition": "<value>"}
        "400":
          application/json: {"detail": "<value>"}
        "422":
          application/json: {}
  ListDocuments:
    speakeasy-default-list-documents:
      parameters:
        query:
          page_size: 10
          filter: "{\"department\":{\"$in\":[\"sales\",\"marketing\"]}}"
        header:
          partition: "acme_customer_id"
      responses:
        "200":
          application/json: {"pagination": {}, "documents": [{"id": "8a232aa0-b11b-48a0-8057-1e9e705d0e6e", "created_at": "2023-03-24T06:20:14.879Z", "updated_at": "2025-09-10T04:30:13.188Z", "status": "<value>", "name": "<value>", "metadata": {}, "partition": "<value>"}, {"id": "766718d6-d461-42e0-aaee-1b9ddf121dc2", "created_at": "2023-11-08T21:35:05.868Z", "updated_at": "2025-05-06T10:10:32.094Z", "status": "<value>", "name": "<value>", "metadata": {"key": "<value>", "key1": "<value>"}, "partition": "<value>"}, {"id": "4fb451a7-0cfc-48fe-807f-bc60ab960d56", "created_at": "2023-05-09T15:43:49.850Z", "updated_at": "2025-10-31T06:20:54.910Z", "status": "<value>", "name": "<value>", "metadata": {"key": 370293, "key1": 212921, "key2": []}, "partition": "<value>"}]}
        "401":
          application/json: {"detail": "<value>"}
        "422":
          application/json: {}
  CreateDocumentRaw:
    speakeasy-default-create-document-raw:
      requestBody:
        application/json: {"partition": "<value>", "data": "<value>"}
      responses:
        "201":
          application/json: {"id": "f32d8f20-2af5-4fe3-9301-884a461abb5d", "created_at": "2025-10-07T02:25:22.865Z", "updated_at": "2025-07-13T21:12:32.248Z", "status": "<value>", "name": "<value>", "metadata": {"key": 391493, "key1": 816075, "key2": true}, "partition": "<value>"}
        "400":
          application/json: {"detail": "<value>"}
        "422":
          application/json: {}
  CreateDocumentFromUrl:
    speakeasy-default-create-document-from-url:
      requestBody:
        application/json: {"mode": "fast", "partition": "<value>", "url": "https://scientific-plain.biz/"}
      responses:
        "201":
          application/json: {"id": "0adf151b-6a78-4e39-a7b3-465615a95443", "created_at": "2023-07-13T10:16:17.094Z", "updated_at": "2025-05-24T16:33:21.360Z", "status": "<value>", "name": "<value>", "metadata": {}, "partition": "<value>"}
        "400":
          application/json: {"detail": "<value>"}
        "422":
          application/json: {}
  GetDocument:
    speakeasy-default-get-document:
      parameters:
        path:
          document_id: "00000000-0000-0000-0000-000000000000"
        header:
          partition: "acme_customer_id"
      responses:
        "200":
          application/json: {"id": "b888f774-3e7c-4135-a18c-6b985523c4bc", "created_at": "2025-09-23T09:26:26.647Z", "updated_at": "2023-12-22T20:41:29.028Z", "status": "<value>", "name": "<value>", "metadata": {}, "partition": "<value>", "errors": ["<value>", "<value>", "<value>"]}
        "401":
          application/json: {"detail": "<value>"}
        "422":
          application/json: {}
  DeleteDocument:
    speakeasy-default-delete-document:
      parameters:
        path:
          document_id: "00000000-0000-0000-0000-000000000000"
        header:
          partition: "acme_customer_id"
      responses:
        "200":
          application/json: {"status": "<value>"}
        "401":
          application/json: {"detail": "<value>"}
        "422":
          application/json: {}
  UpdateDocumentFile:
    speakeasy-default-update-document-file:
      parameters:
        path:
          document_id: "00000000-0000-0000-0000-000000000000"
        header:
          partition: "acme_customer_id"
      requestBody:
        multipart/form-data: {"mode": "fast", "file": {}}
      responses:
        "200":
          application/json: {"status": "<value>"}
        "401":
          application/json: {"detail": "<value>"}
        "422":
          application/json: {}
  UpdateDocumentRaw:
    speakeasy-default-update-document-raw:
      parameters:
        path:
          document_id: "00000000-0000-0000-0000-000000000000"
        header:
          partition: "acme_customer_id"
      requestBody:
        application/json: {"data": {}}
      responses:
        "200":
          application/json: {"status": "<value>"}
        "401":
          application/json: {"detail": "<value>"}
        "422":
          application/json: {}
  UpdateDocumentFromUrl:
    speakeasy-default-update-document-from-url:
      parameters:
        path:
          document_id: "00000000-0000-0000-0000-000000000000"
        header:
          partition: "acme_customer_id"
      requestBody:
        application/json: {"mode": "fast", "url": "https://dual-longboat.com/"}
      responses:
        "200":
          application/json: {"status": "<value>"}
        "401":
          application/json: {"detail": "<value>"}
        "422":
          application/json: {}
  PatchDocumentMetadata:
    speakeasy-default-patch-document-metadata:
      parameters:
        path:
          document_id: "00000000-0000-0000-0000-000000000000"
        header:
          partition: "acme_customer_id"
      requestBody:
        application/json: {"metadata": {"classified": "null (setting null deletes key from metadata)", "editors": ["Alice", "Bob"], "published": true, "articleCount": 42, "title": "declassified report"}}
      responses:
        "200":
          application/json: {"metadata": {"editors": ["Alice", "Bob"], "title": "declassified report", "unchanged_key": "unchanged_value", "updated_at": 1714491736216}}
        "401":
          application/json: {"detail": "<value>"}
        "422":
          application/json: {}
  GetDocumentChunks:
    speakeasy-default-get-document-chunks:
      parameters:
        path:
          document_id: "00000000-0000-0000-0000-000000000000"
        query:
          start_index: 3
          end_index: 5
          page_size: 10
        header:
          partition: "acme_customer_id"
      responses:
        "200":
          application/json: {"pagination": {}, "chunks": []}
        "401":
          application/json: {"detail": "<value>"}
        "422":
          application/json: {}
  GetDocumentChunk:
    speakeasy-default-get-document-chunk:
      parameters:
        path:
          document_id: "00000000-0000-0000-0000-000000000000"
          chunk_id: "00000000-0000-0000-0000-000000000000"
        header:
          partition: "acme_customer_id"
      responses:
        "200":
          application/json: {"id": "34609590-8f6d-44f1-bccc-6b72f3d01897", "index": -1, "text": "<value>"}
        "401":
          application/json: {"detail": "<value>"}
        "422":
          application/json: {}
  GetDocumentContent:
    speakeasy-default-get-document-content:
      parameters:
        path:
          document_id: "00000000-0000-0000-0000-000000000000"
        header:
          partition: "acme_customer_id"
      responses:
        "200":
          application/json: {"id": "4ef0a601-5625-4d36-bb58-a4475ef91735", "created_at": "2024-07-15T09:31:52.945Z", "updated_at": "2023-08-30T16:52:35.685Z", "status": "<value>", "name": "<value>", "metadata": {"key": ["<value>"]}, "partition": "<value>", "content": "<value>"}
        "401":
          application/json: {"detail": "<value>"}
        "422":
          application/json: {}
  GetDocumentSource:
    speakeasy-default-get-document-source:
      parameters:
        path:
          document_id: "00000000-0000-0000-0000-000000000000"
        header:
          partition: "acme_customer_id"
      responses:
        "200":
          application/octet-stream: "x-file: example.file"
        "401":
          application/json: {"detail": "<value>"}
        "422":
          application/json: {}
  GetDocumentSummary:
    speakeasy-default-get-document-summary:
      parameters:
        path:
          document_id: "00000000-0000-0000-0000-000000000000"
        header:
          partition: "acme_customer_id"
      responses:
        "200":
          application/json: {"document_id": "<id>", "summary": "<value>"}
        "401":
          application/json: {"detail": "<value>"}
        "422":
          application/json: {}
  Retrieve:
    speakeasy-default-retrieve:
      requestBody:
        application/json: {"query": "What is the best pizza place in SF?", "top_k": 8, "rerank": true, "max_chunks_per_document": 0, "partition": "<value>", "recency_bias": false}
      responses:
        "200":
          application/json: {"scored_chunks": [{"text": "<value>", "score": 9198.31, "id": "<id>", "index": 312993, "document_id": "<id>", "document_name": "<value>", "document_metadata": {"key": "<value>"}}]}
        "401":
          application/json: {"detail": "<value>"}
        "422":
          application/json: {}
  ListInstructions:
    speakeasy-default-list-instructions:
      responses:
        "200":
          application/json: [{"id": "07948203-9687-472b-addd-d152fe0e4b0c", "created_at": "2024-07-15T13:45:54.250Z", "updated_at": "2024-06-26T05:32:29.020Z", "name": "Find all pizzas", "active": true, "scope": "document", "prompt": "Find all pizzas described in the text.", "entity_schema": {"key": "<value>", "key1": "<value>", "key2": "<value>"}, "partition": "<value>"}, {"id": "95ebdeac-9b6a-4cc2-bae1-f9c459df591a", "created_at": "2024-10-05T19:25:40.120Z", "updated_at": "2025-11-27T23:51:15.773Z", "name": "Find all pizzas", "active": true, "scope": "document", "prompt": "Find all pizzas described in the text.", "entity_schema": {"key": "<value>"}, "partition": "<value>"}]
        "401":
          application/json: {"detail": "<value>"}
  CreateInstruction:
    speakeasy-default-create-instruction:
      requestBody:
        application/json: {"name": "Find all pizzas", "active": true, "scope": "document", "prompt": "Find all pizzas described in the text.", "entity_schema": {"key": "<value>"}, "partition": "<value>"}
      responses:
        "200":
          application/json: {"id": "a4c45043-a1d4-46a2-bd35-4e705734d3bf", "created_at": "2024-09-23T03:06:52.578Z", "updated_at": "2023-03-21T16:28:26.454Z", "name": "Find all pizzas", "active": true, "scope": "document", "prompt": "Find all pizzas described in the text.", "entity_schema": {"key": "<value>", "key1": "<value>"}, "partition": "<value>"}
        "401":
          application/json: {"detail": "<value>"}
        "422":
          application/json: {}
  UpdateInstruction:
    speakeasy-default-update-instruction:
      parameters:
        path:
          instruction_id: "00000000-0000-0000-0000-000000000000"
      requestBody:
        application/json: {"active": true}
      responses:
        "200":
          application/json: {"id": "300da585-97bb-4310-a83d-8181b96e85ab", "created_at": "2024-01-22T23:04:46.512Z", "updated_at": "2024-05-29T20:38:04.429Z", "name": "Find all pizzas", "active": true, "scope": "document", "prompt": "Find all pizzas described in the text.", "entity_schema": {"key": "<value>", "key1": "<value>", "key2": "<value>"}, "partition": "<value>"}
        "401":
          application/json: {"detail": "<value>"}
        "422":
          application/json: {}
  ListEntitiesByInstruction:
    speakeasy-default-list-entities-by-instruction:
      parameters:
        path:
          instruction_id: "00000000-0000-0000-0000-000000000000"
        query:
          page_size: 10
        header:
          partition: "acme_customer_id"
      responses:
        "200":
          application/json: {"pagination": {}, "entities": []}
        "401":
          application/json: {"detail": "<value>"}
        "422":
          application/json: {}
  ListEntitiesByDocument:
    speakeasy-default-list-entities-by-document:
      parameters:
        path:
          document_id: "00000000-0000-0000-0000-000000000000"
        query:
          page_size: 10
        header:
          partition: "acme_customer_id"
      responses:
        "200":
          application/json: {"pagination": {}, "entities": [{"id": "0acf0abf-c6b5-4e2a-9ea8-a13f725d0bb4", "created_at": "2025-05-24T20:59:27.681Z", "updated_at": "2023-12-13T21:49:21.883Z", "instruction_id": "92a05549-1b0f-45fb-8f85-0f20075f1108", "document_id": "104fc7ec-2190-4ecf-83d0-7049ae9e1af9", "data": {"key": "<value>", "key1": "<value>"}}]}
        "401":
          application/json: {"detail": "<value>"}
        "422":
          application/json: {}
  list_connections_connections_get:
    speakeasy-default-list-connections-connections-get:
      parameters:
        query:
          page_size: 10
          filter: "{\"department\":{\"$in\":[\"sales\",\"marketing\"]}}"
      responses:
        "200":
          application/json: {"pagination": {}, "connections": [{"id": "8a232aa0-b11b-48a0-8057-1e9e705d0e6e", "created_at": "2023-03-24T06:20:14.879Z", "updated_at": "2025-09-10T04:30:13.188Z", "metadata": {}, "type": "<value>", "name": "<value>", "source": ["<value>", "<value>"], "enabled": true, "disabled_by_system_reason": "authentication_failed", "partition": "<value>", "page_limit": 678317, "disabled_by_system": false}, {"id": "66718d6d-4612-4e0a-9ee1-b9ddf121dc2a", "created_at": "2025-05-06T10:10:32.094Z", "updated_at": "2024-08-19T22:29:27.736Z", "metadata": {}, "type": "<value>", "name": "<value>", "source": "<value>", "enabled": true, "disabled_by_system_reason": "authentication_failed", "partition": "<value>", "page_limit": 229716, "disabled_by_system": false}, {"id": "4fb451a7-0cfc-48fe-807f-bc60ab960d56", "created_at": "2023-05-09T15:43:49.850Z", "updated_at": "2025-10-31T06:20:54.910Z", "metadata": {"key": 370293, "key1": 212921, "key2": []}, "type": "<value>", "name": "<value>", "source": "<value>", "enabled": false, "disabled_by_system_reason": "authentication_failed", "partition": "<value>", "page_limit": 635532, "disabled_by_system": false}]}
        "401":
          application/json: {"detail": "<value>"}
        "422":
          application/json: {}
  create_oauth_redirect_url_connections_oauth_post:
    speakeasy-default-create-oauth-redirect-url-connections-oauth-post:
      requestBody:
        application/json: {"redirect_uri": "https://fatherly-soup.com", "page_limit": 1000}
      responses:
        "200":
          application/json: {"url": "https://better-negotiation.net/"}
        "401":
          application/json: {"detail": "<value>"}
        "422":
          application/json: {}
  set_connection_enabled_connections__connection_id__enabled_put:
    speakeasy-default-set-connection-enabled-connections-connection-id-enabled-put:
      parameters:
        path:
          connection_id: "bf0424b5-8be9-4a67-a8ca-6ab0e9e89780"
      requestBody:
        application/json: {"enabled": true}
      responses:
        "200":
          application/json: {"id": "26fadfa1-29b4-490b-acfb-7e6429656623", "created_at": "2025-10-14T19:56:20.471Z", "updated_at": "2023-04-26T16:53:39.637Z", "metadata": {"key": 43810, "key1": true, "key2": true}, "type": "<value>", "name": "<value>", "source": [], "enabled": false, "disabled_by_system_reason": "authentication_failed", "partition": "<value>", "page_limit": 898430, "disabled_by_system": false}
        "401":
          application/json: {"detail": "<value>"}
        "422":
          application/json: {}
  update_connection_connections__connection_id__put:
    speakeasy-default-update-connection-connections-connection-id-put:
      parameters:
        path:
          connection_id: "60a91616-1376-4585-82c8-85b663abc0c8"
      requestBody:
        application/json: {"partition_strategy": "fast", "page_limit": 1000}
      responses:
        "200":
          application/json: {"id": "e8483df4-d337-4f04-a295-c0df4e3bbb65", "created_at": "2023-04-30T21:32:17.394Z", "updated_at": "2025-08-07T23:17:45.906Z", "metadata": {"key": true}, "type": "<value>", "name": "<value>", "source": ["<value>", "<value>"], "enabled": false, "disabled_by_system_reason": "authentication_failed", "partition": "<value>", "page_limit": 344620, "disabled_by_system": false}
        "401":
          application/json: {"detail": "<value>"}
        "422":
          application/json: {}
  get_connection_connections__connection_id__get:
    speakeasy-default-get-connection-connections-connection-id-get:
      parameters:
        path:
          connection_id: "ee666f79-dcc9-4015-9e13-63993816d536"
      responses:
        "200":
          application/json: {"id": "78e43ac5-5898-4648-926e-6fab72ebbe8d", "created_at": "2023-03-16T14:08:34.785Z", "updated_at": "2024-07-23T20:09:43.508Z", "metadata": {}, "type": "<value>", "name": "<value>", "source": ["<value>", "<value>"], "enabled": true, "disabled_by_system_reason": "authentication_failed", "partition": "<value>", "page_limit": 544221, "disabled_by_system": false}
        "401":
          application/json: {"detail": "<value>"}
        "422":
          application/json: {}
  get_connection_stats_connections__connection_id__stats_get:
    speakeasy-default-get-connection-stats-connections-connection-id-stats-get:
      parameters:
        path:
          connection_id: "1f4a1403-1d6d-4b6c-b869-7469eff2dd5e"
      responses:
        "200":
          application/json: {"document_count": 687553, "page_count": 934780}
        "401":
          application/json: {"detail": "<value>"}
        "422":
          application/json: {}
  delete_connection_connections__connection_id__delete_post:
    speakeasy-default-delete-connection-connections-connection-id-delete-post:
      parameters:
        path:
          connection_id: "5922bdb9-d99a-4e03-8cb8-05fcacce856d"
      requestBody:
        application/json: {"keep_files": true}
      responses:
        "200":
          application/json: {"key": "<value>", "key1": "<value>"}
        "401":
          application/json: {"detail": "<value>"}
        "422":
          application/json: {}
  set_connection_limits_connections__connection_id__limit_put:
    speakeasy-default-set-connection-limits-connections-connection-id-limit-put:
      parameters:
        path:
          connection_id: "dfde4e02-1322-4e1c-8bdc-47313184eebe"
      requestBody:
        application/json: {"page_limit": 1000}
      responses:
        "200":
          application/json: {"id": "46973cfa-f674-422d-bdc5-0c22d63d4490", "created_at": "2025-07-01T15:25:15.852Z", "updated_at": "2023-02-14T11:43:08.736Z", "metadata": {}, "type": "<value>", "name": "<value>", "source": ["<value>", "<value>", "<value>"], "enabled": true, "disabled_by_system_reason": "authentication_failed", "partition": "<value>", "page_limit": 839833, "disabled_by_system": true}
        "401":
          application/json: {"detail": "<value>"}
        "422":
          application/json: {}
  SyncConnection:
    speakeasy-default-sync-connection:
      parameters:
        path:
          connection_id: "f0897be3-0808-45c9-a63b-509c0142ddd3"
      responses:
        "201":
          application/json: {"message": "ok"}
        "422":
          application/json: {}
        "400":
          application/json: {"detail": "<value>"}
  list_partitions_partitions_get:
    speakeasy-default-list-partitions-partitions-get:
      parameters:
        query:
          page_size: 10
      responses:
        "200":
          application/json: {"pagination": {}, "partitions": [{"name": "<value>", "is_default": false, "limit_exceeded_at": "2025-01-13T10:26:00.433Z", "limits": {"pages_processed_limit_monthly": 1777.06, "pages_hosted_limit_monthly": 2297.16, "pages_processed_limit_max": 1528.37, "pages_hosted_limit_max": 6355.32}}, {"name": "<value>", "is_default": false, "limit_exceeded_at": "2023-01-20T06:21:22.156Z", "limits": {"pages_processed_limit_monthly": 7183.03, "pages_hosted_limit_monthly": 861.4, "pages_processed_limit_max": 685.04, "pages_hosted_limit_max": 6879.6}}, {"name": "<value>", "is_default": false, "limit_exceeded_at": "2024-11-25T18:23:24.264Z", "limits": {"pages_processed_limit_monthly": 74.68, "pages_hosted_limit_monthly": 546.07, "pages_processed_limit_max": 3677.45, "pages_hosted_limit_max": 4857.29}}]}
        "422":
          application/json: {}
        "401":
          application/json: {"detail": "<value>"}
  create_partition_partitions_post:
    speakeasy-default-create-partition-partitions-post:
      requestBody:
        application/json: {"name": "<value>", "pages_hosted_limit_monthly": 1000, "pages_processed_limit_monthly": 1000, "pages_hosted_limit_max": 1000, "pages_processed_limit_max": 1000}
      responses:
        "200":
          application/json: {"name": "<value>", "is_default": true, "limit_exceeded_at": "2024-11-30T17:06:07.804Z", "limits": {"pages_processed_limit_monthly": 4174.58, "pages_hosted_limit_monthly": 1343.65, "pages_processed_limit_max": 690.25, "pages_hosted_limit_max": 7964.74}}
        "422":
          application/json: {}
        "401":
          application/json: {"detail": "<value>"}
  get_partition_partitions__partition_id__get:
    speakeasy-default-get-partition-partitions-partition-id-get:
      parameters:
        path:
          partition_id: "<id>"
      responses:
        "200":
          application/json: {"name": "<value>", "is_default": false, "limit_exceeded_at": "2024-09-04T11:33:52.011Z", "limits": {"pages_processed_limit_monthly": 5442.21, "pages_hosted_limit_monthly": 5212.35, "pages_processed_limit_max": 9699.61, "pages_hosted_limit_max": 4580.49}, "stats": {"pages_processed_monthly": 4508.24, "pages_hosted_monthly": 2627.95, "pages_processed_total": 2134.57, "pages_hosted_total": 9371.46, "document_count": 438142}}
        "422":
          application/json: {}
        "401":
          application/json: {"detail": "<value>"}
  delete_partition_partitions__partition_id__delete:
    speakeasy-default-delete-partition-partitions-partition-id-delete:
      parameters:
        path:
          partition_id: "<id>"
      responses:
        "200":
          application/json: {"key": "<value>", "key1": "<value>"}
        "422":
          application/json: {}
        "401":
          application/json: {"detail": "<value>"}
  set_partition_limits_partitions__partition_id__limits_put:
    speakeasy-default-set-partition-limits-partitions-partition-id-limits-put:
      parameters:
        path:
          partition_id: "<id>"
      requestBody:
        application/json: {"pages_hosted_limit_monthly": 1000, "pages_processed_limit_monthly": 1000, "pages_hosted_limit_max": 1000, "pages_processed_limit_max": 1000}
      responses:
        "200":
          application/json: {"name": "<value>", "is_default": false, "limit_exceeded_at": "2025-11-24T01:01:44.131Z", "limits": {"pages_processed_limit_monthly": 8398.33, "pages_hosted_limit_monthly": 9368.54, "pages_processed_limit_max": 2906.53, "pages_hosted_limit_max": 8986.73}, "stats": {"pages_processed_monthly": 434.22, "pages_hosted_monthly": 1388.47, "pages_processed_total": 1187.52, "pages_hosted_total": 2241.15, "document_count": 152223}}
        "422":
          application/json: {}
        "401":
          application/json: {"detail": "<value>"}
examplesVersion: 1.0.0
generatedTests: {}
