lockVersion: 2.0.0
id: 891d898b-5da4-4813-8dd3-fceb5b9832fe
management:
  docChecksum: 2ac0bff46bb24c68933544dce1449c91
  docVersion: 1.0.0
  speakeasyVersion: 1.358.0
  generationVersion: 2.390.6
  releaseVersion: 0.0.3
  configChecksum: c517199efeda1f91dbea8e5cf0508d32
  repoURL: https://github.com/ragieai/ragie-python.git
  installationURL: https://github.com/ragieai/ragie-python.git
  published: true
features:
  python:
    additionalDependencies: 1.0.0
    constsAndDefaults: 1.0.2
    core: 5.3.7
    defaultEnabledRetries: 0.2.0
    devContainers: 3.0.0
    envVarSecurityUsage: 0.3.1
    flattening: 3.0.0
    globalSecurity: 3.0.2
    globalSecurityCallbacks: 1.0.0
    globalSecurityFlattening: 1.0.0
    globalServerURLs: 3.0.0
    multipartFileContentType: 1.0.0
    nameOverrides: 3.0.0
    nullables: 1.0.0
    pagination: 3.0.1
    responseFormat: 1.0.0
    retries: 3.0.0
    sdkHooks: 1.0.0
    unions: 3.0.1
    uploadStreams: 1.0.0
generatedFiles:
  - src/ragie/sdkconfiguration.py
  - src/ragie/documents.py
  - src/ragie/retrievals.py
  - src/ragie/entities.py
  - src/ragie/sdk.py
  - .vscode/settings.json
  - poetry.toml
  - py.typed
  - pylintrc
  - pyproject.toml
  - scripts/compile.sh
  - scripts/prepare-readme.py
  - scripts/publish.sh
  - src/ragie/__init__.py
  - src/ragie/basesdk.py
  - src/ragie/httpclient.py
  - src/ragie/py.typed
  - src/ragie/types/__init__.py
  - src/ragie/types/basemodel.py
  - src/ragie/utils/__init__.py
  - src/ragie/utils/annotations.py
  - src/ragie/utils/enums.py
  - src/ragie/utils/eventstreaming.py
  - src/ragie/utils/forms.py
  - src/ragie/utils/headers.py
  - src/ragie/utils/logger.py
  - src/ragie/utils/metadata.py
  - src/ragie/utils/queryparams.py
  - src/ragie/utils/requestbodies.py
  - src/ragie/utils/retries.py
  - src/ragie/utils/security.py
  - src/ragie/utils/serializers.py
  - src/ragie/utils/url.py
  - src/ragie/utils/values.py
  - src/ragie/models/sdkerror.py
  - src/ragie/models/listdocumentsop.py
  - src/ragie/models/documentlist.py
  - src/ragie/models/document.py
  - src/ragie/models/pagination.py
  - src/ragie/models/errormessage.py
  - src/ragie/models/httpvalidationerror.py
  - src/ragie/models/validationerror.py
  - src/ragie/models/createdocumentparams.py
  - src/ragie/models/createdocumentrawparams.py
  - src/ragie/models/createdocumentfromurlparams.py
  - src/ragie/models/getdocumentop.py
  - src/ragie/models/documentdelete.py
  - src/ragie/models/deletedocumentop.py
  - src/ragie/models/documentfileupdate.py
  - src/ragie/models/updatedocumentfileop.py
  - src/ragie/models/updatedocumentfileparams.py
  - src/ragie/models/documentrawupdate.py
  - src/ragie/models/updatedocumentrawop.py
  - src/ragie/models/updatedocumentrawparams.py
  - src/ragie/models/documentmetadataupdate.py
  - src/ragie/models/patchdocumentmetadataop.py
  - src/ragie/models/patchdocumentmetadataparams.py
  - src/ragie/models/documentsummary.py
  - src/ragie/models/getdocumentsummaryop.py
  - src/ragie/models/retrieval.py
  - src/ragie/models/scoredchunk.py
  - src/ragie/models/retrieveparams.py
  - src/ragie/models/instruction.py
  - src/ragie/models/createinstructionparams.py
  - src/ragie/models/updateinstructionop.py
  - src/ragie/models/updateinstructionparams.py
  - src/ragie/models/listentitiesbyinstructionop.py
  - src/ragie/models/entitylist.py
  - src/ragie/models/entity.py
  - src/ragie/models/listentitiesbydocumentop.py
  - src/ragie/models/security.py
  - src/ragie/models/__init__.py
  - docs/models/listdocumentsrequest.md
  - docs/models/listdocumentsresponse.md
  - docs/models/documentlist.md
  - docs/models/metadata.md
  - docs/models/document.md
  - docs/models/pagination.md
  - docs/models/errormessage.md
  - docs/models/httpvalidationerror.md
  - docs/models/loc.md
  - docs/models/validationerror.md
  - docs/models/mode.md
  - docs/models/createdocumentparamsmetadata.md
  - docs/models/file.md
  - docs/models/createdocumentparams.md
  - docs/models/createdocumentrawparamsmetadata.md
  - docs/models/two.md
  - docs/models/data.md
  - docs/models/createdocumentrawparams.md
  - docs/models/createdocumentfromurlparamsmetadata.md
  - docs/models/createdocumentfromurlparamsmode.md
  - docs/models/createdocumentfromurlparams.md
  - docs/models/getdocumentrequest.md
  - docs/models/documentdelete.md
  - docs/models/deletedocumentrequest.md
  - docs/models/documentfileupdate.md
  - docs/models/updatedocumentfilerequest.md
  - docs/models/updatedocumentfileparamsmode.md
  - docs/models/updatedocumentfileparamsfile.md
  - docs/models/updatedocumentfileparams.md
  - docs/models/documentrawupdate.md
  - docs/models/updatedocumentrawrequest.md
  - docs/models/data2.md
  - docs/models/updatedocumentrawparamsdata.md
  - docs/models/updatedocumentrawparams.md
  - docs/models/documentmetadataupdatemetadata.md
  - docs/models/documentmetadataupdate.md
  - docs/models/patchdocumentmetadatarequest.md
  - docs/models/patchdocumentmetadataparamsmetadata.md
  - docs/models/patchdocumentmetadataparams.md
  - docs/models/documentsummary.md
  - docs/models/getdocumentsummaryrequest.md
  - docs/models/retrieval.md
  - docs/models/scoredchunk.md
  - docs/models/retrieveparams.md
  - docs/models/scope.md
  - docs/models/filter_.md
  - docs/models/instruction.md
  - docs/models/createinstructionparamsscope.md
  - docs/models/createinstructionparamsfilter.md
  - docs/models/createinstructionparams.md
  - docs/models/updateinstructionrequest.md
  - docs/models/updateinstructionparams.md
  - docs/models/listentitiesbyinstructionrequest.md
  - docs/models/listentitiesbyinstructionresponse.md
  - docs/models/entitylist.md
  - docs/models/entity.md
  - docs/models/listentitiesbydocumentrequest.md
  - docs/models/listentitiesbydocumentresponse.md
  - docs/models/security.md
  - docs/sdks/ragie/README.md
  - docs/models/utils/retryconfig.md
  - docs/sdks/documents/README.md
  - docs/sdks/retrievals/README.md
  - docs/sdks/entities/README.md
  - USAGE.md
  - .gitattributes
  - .devcontainer/README.md
  - .devcontainer/devcontainer.json
  - .devcontainer/setup.sh
  - src/ragie/_hooks/sdkhooks.py
  - src/ragie/_hooks/types.py
  - src/ragie/_hooks/__init__.py
  - CONTRIBUTING.md
