speakeasyVersion: 1.412.5
sources:
    Ragie-OAS:
        sourceNamespace: ragie-oas
        sourceRevisionDigest: sha256:7f2736d4b60b98aaef44ac0a91fe02d7669a197493f55259148dc72a9aecbf28
        sourceBlobDigest: sha256:ea57d1b3954ef18bb61deb220d10c061b9c08beb6dd5d077ba0c7b46a54360df
        tags:
            - latest
targets:
    ragie:
        source: Ragie-OAS
        sourceNamespace: ragie-oas
        sourceRevisionDigest: sha256:7f2736d4b60b98aaef44ac0a91fe02d7669a197493f55259148dc72a9aecbf28
        sourceBlobDigest: sha256:ea57d1b3954ef18bb61deb220d10c061b9c08beb6dd5d077ba0c7b46a54360df
workflow:
    workflowVersion: 1.0.0
    speakeasyVersion: latest
    sources:
        Ragie-OAS:
            inputs:
                - location: https://api.ragie.ai/openapi.json
            registry:
                location: registry.speakeasyapi.dev/ragie-ai/ragie-ai/ragie-oas
    targets:
        ragie:
            target: python
            source: Ragie-OAS
            publish:
                pypi:
                    token: $pypi_token
