speakeasyVersion: 1.467.1
sources:
    Ragie-OAS:
        sourceNamespace: ragie-oas
        sourceRevisionDigest: sha256:f442c4f57bdb003b94ebdabba51dfb8c42ab0677eb68a8dd15b5b9ce89efb1c3
        sourceBlobDigest: sha256:eb09b450e5ef9ccbfd4e66787aa9318a03e603ada019f8f24bccb863987969e0
        tags:
            - latest
            - speakeasy-sdk-regen-1736516873
            - 1.0.0
targets:
    ragie:
        source: Ragie-OAS
        sourceNamespace: ragie-oas
        sourceRevisionDigest: sha256:f442c4f57bdb003b94ebdabba51dfb8c42ab0677eb68a8dd15b5b9ce89efb1c3
        sourceBlobDigest: sha256:eb09b450e5ef9ccbfd4e66787aa9318a03e603ada019f8f24bccb863987969e0
        codeSamplesNamespace: ragie-oas-python-code-samples
        codeSamplesRevisionDigest: sha256:96886614d21fca43b7bf17c3048ae8845010035dd4d8d045f7a8ae0f24c7c78a
workflow:
    workflowVersion: 1.0.0
    speakeasyVersion: latest
    sources:
        Ragie-OAS:
            inputs:
                - location: https://api.ragie.ai/openapi.json
            registry:
                location: registry.speakeasyapi.dev/ragie-ai/ragie-ai/ragie-oas
    targets:
        ragie:
            target: python
            source: Ragie-OAS
            publish:
                pypi:
                    token: $pypi_token
            codeSamples:
                registry:
                    location: registry.speakeasyapi.dev/ragie-ai/ragie-ai/ragie-oas-python-code-samples
                blocking: false
