speakeasyVersion: 1.441.1
sources:
    Ragie-OAS:
        sourceNamespace: ragie-oas
        sourceRevisionDigest: sha256:f7e4bbdecd91e0ac7fe065083509eb8a70aca1f0ac0d98100ea012eba41f47f8
        sourceBlobDigest: sha256:629444b9a25cf1f800a44bfb0b6536d4d92fa25665eec20d3f2881cd7a58d797
        tags:
            - latest
            - speakeasy-sdk-regen-1732148856
targets:
    ragie:
        source: Ragie-OAS
        sourceNamespace: ragie-oas
        sourceRevisionDigest: sha256:f7e4bbdecd91e0ac7fe065083509eb8a70aca1f0ac0d98100ea012eba41f47f8
        sourceBlobDigest: sha256:629444b9a25cf1f800a44bfb0b6536d4d92fa25665eec20d3f2881cd7a58d797
        codeSamplesNamespace: ragie-oas-code-samples
        codeSamplesRevisionDigest: sha256:c3883a501b041c79fb96ade5ab58d46ba937f7a799d3417fd6cb7e3cb6eb10fb
workflow:
    workflowVersion: 1.0.0
    speakeasyVersion: latest
    sources:
        Ragie-OAS:
            inputs:
                - location: https://api.ragie.ai/openapi.json
            registry:
                location: registry.speakeasyapi.dev/ragie-ai/ragie-ai/ragie-oas
    targets:
        ragie:
            target: python
            source: Ragie-OAS
            publish:
                pypi:
                    token: $pypi_token
            codeSamples:
                registry:
                    location: registry.speakeasyapi.dev/ragie-ai/ragie-ai/ragie-oas-code-samples
                blocking: false
